// !$*UTF8*$!
{
	archiveVersion = 1;
	classes = {
	};
	objectVersion = 46;
	objects = {

/* Begin PBXBuildFile section */
		1008DCDE19EDFFD3009028A2 /* LightTableViewController.swift in Sources */ = {isa = PBXBuildFile; fileRef = 1008DCDD19EDFFD3009028A2 /* LightTableViewController.swift */; };
		1008DCE219EE0349009028A2 /* LightControlTableViewCell.swift in Sources */ = {isa = PBXBuildFile; fileRef = 1008DCE119EE0349009028A2 /* LightControlTableViewCell.swift */; };
		1008DCE519EE0B79009028A2 /* LightOnOffTableViewCell.swift in Sources */ = {isa = PBXBuildFile; fileRef = 1008DCE419EE0B79009028A2 /* LightOnOffTableViewCell.swift */; };
		1008DCE719EF5589009028A2 /* LightPreset.swift in Sources */ = {isa = PBXBuildFile; fileRef = 1008DCE619EF5589009028A2 /* LightPreset.swift */; };
		1008DCE919EF564C009028A2 /* CDMgr.swift in Sources */ = {isa = PBXBuildFile; fileRef = 1008DCE819EF564C009028A2 /* CDMgr.swift */; };
		103FE52D19E4B0F900926F8A /* AppDelegate.swift in Sources */ = {isa = PBXBuildFile; fileRef = 103FE52C19E4B0F900926F8A /* AppDelegate.swift */; };
		103FE53019E4B0F900926F8A /* LauraHueApp.xcdatamodeld in Sources */ = {isa = PBXBuildFile; fileRef = 103FE52E19E4B0F900926F8A /* LauraHueApp.xcdatamodeld */; };
		103FE53219E4B0F900926F8A /* ViewController.swift in Sources */ = {isa = PBXBuildFile; fileRef = 103FE53119E4B0F900926F8A /* ViewController.swift */; };
		103FE53519E4B0F900926F8A /* Main.storyboard in Resources */ = {isa = PBXBuildFile; fileRef = 103FE53319E4B0F900926F8A /* Main.storyboard */; };
		103FE53719E4B0F900926F8A /* Images.xcassets in Resources */ = {isa = PBXBuildFile; fileRef = 103FE53619E4B0F900926F8A /* Images.xcassets */; };
		103FE53A19E4B0F900926F8A /* LaunchScreen.xib in Resources */ = {isa = PBXBuildFile; fileRef = 103FE53819E4B0F900926F8A /* LaunchScreen.xib */; };
		103FE54619E4B0F900926F8A /* LauraHueAppTests.swift in Sources */ = {isa = PBXBuildFile; fileRef = 103FE54519E4B0F900926F8A /* LauraHueAppTests.swift */; };
		103FE55019E4B1A900926F8A /* BridgeManager.swift in Sources */ = {isa = PBXBuildFile; fileRef = 103FE54F19E4B1A900926F8A /* BridgeManager.swift */; };
		103FE55219E4C38800926F8A /* Lights.swift in Sources */ = {isa = PBXBuildFile; fileRef = 103FE55119E4C38800926F8A /* Lights.swift */; };
		10F3BDE119E8E0E300C37BE1 /* TableViewController.swift in Sources */ = {isa = PBXBuildFile; fileRef = 10F3BDE019E8E0E300C37BE1 /* TableViewController.swift */; };
		10F3BDE319E977F300C37BE1 /* LightViewController.swift in Sources */ = {isa = PBXBuildFile; fileRef = 10F3BDE219E977F300C37BE1 /* LightViewController.swift */; };
		10F3BDE719E978AF00C37BE1 /* hello.c in Sources */ = {isa = PBXBuildFile; fileRef = 10F3BDE519E978AF00C37BE1 /* hello.c */; };
/* End PBXBuildFile section */

/* Begin PBXContainerItemProxy section */
		103FE54019E4B0F900926F8A /* PBXContainerItemProxy */ = {
			isa = PBXContainerItemProxy;
			containerPortal = 103FE51F19E4B0F900926F8A /* Project object */;
			proxyType = 1;
			remoteGlobalIDString = 103FE52619E4B0F900926F8A;
			remoteInfo = LauraHueApp;
		};
/* End PBXContainerItemProxy section */

/* Begin PBXFileReference section */
		1008DCDD19EDFFD3009028A2 /* LightTableViewController.swift */ = {isa = PBXFileReference; fileEncoding = 4; lastKnownFileType = sourcecode.swift; path = LightTableViewController.swift; sourceTree = "<group>"; };
		1008DCE119EE0349009028A2 /* LightControlTableViewCell.swift */ = {isa = PBXFileReference; fileEncoding = 4; lastKnownFileType = sourcecode.swift; name = LightControlTableViewCell.swift; path = ../LightControlTableViewCell.swift; sourceTree = "<group>"; };
		1008DCE419EE0B79009028A2 /* LightOnOffTableViewCell.swift */ = {isa = PBXFileReference; fileEncoding = 4; lastKnownFileType = sourcecode.swift; path = LightOnOffTableViewCell.swift; sourceTree = "<group>"; };
		1008DCE619EF5589009028A2 /* LightPreset.swift */ = {isa = PBXFileReference; fileEncoding = 4; lastKnownFileType = sourcecode.swift; path = LightPreset.swift; sourceTree = "<group>"; };
		1008DCE819EF564C009028A2 /* CDMgr.swift */ = {isa = PBXFileReference; fileEncoding = 4; lastKnownFileType = sourcecode.swift; path = CDMgr.swift; sourceTree = "<group>"; };
		103FE52719E4B0F900926F8A /* LauraHueApp.app */ = {isa = PBXFileReference; explicitFileType = wrapper.application; includeInIndex = 0; path = LauraHueApp.app; sourceTree = BUILT_PRODUCTS_DIR; };
		103FE52B19E4B0F900926F8A /* Info.plist */ = {isa = PBXFileReference; lastKnownFileType = text.plist.xml; path = Info.plist; sourceTree = "<group>"; };
		103FE52C19E4B0F900926F8A /* AppDelegate.swift */ = {isa = PBXFileReference; lastKnownFileType = sourcecode.swift; path = AppDelegate.swift; sourceTree = "<group>"; };
		103FE52F19E4B0F900926F8A /* LauraHueApp.xcdatamodel */ = {isa = PBXFileReference; lastKnownFileType = wrapper.xcdatamodel; path = LauraHueApp.xcdatamodel; sourceTree = "<group>"; };
		103FE53119E4B0F900926F8A /* ViewController.swift */ = {isa = PBXFileReference; lastKnownFileType = sourcecode.swift; path = ViewController.swift; sourceTree = "<group>"; };
		103FE53419E4B0F900926F8A /* Base */ = {isa = PBXFileReference; lastKnownFileType = file.storyboard; name = Base; path = Base.lproj/Main.storyboard; sourceTree = "<group>"; };
		103FE53619E4B0F900926F8A /* Images.xcassets */ = {isa = PBXFileReference; lastKnownFileType = folder.assetcatalog; path = Images.xcassets; sourceTree = "<group>"; };
		103FE53919E4B0F900926F8A /* Base */ = {isa = PBXFileReference; lastKnownFileType = file.xib; name = Base; path = Base.lproj/LaunchScreen.xib; sourceTree = "<group>"; };
		103FE53F19E4B0F900926F8A /* LauraHueAppTests.xctest */ = {isa = PBXFileReference; explicitFileType = wrapper.cfbundle; includeInIndex = 0; path = LauraHueAppTests.xctest; sourceTree = BUILT_PRODUCTS_DIR; };
		103FE54419E4B0F900926F8A /* Info.plist */ = {isa = PBXFileReference; lastKnownFileType = text.plist.xml; path = Info.plist; sourceTree = "<group>"; };
		103FE54519E4B0F900926F8A /* LauraHueAppTests.swift */ = {isa = PBXFileReference; lastKnownFileType = sourcecode.swift; path = LauraHueAppTests.swift; sourceTree = "<group>"; };
		103FE54F19E4B1A900926F8A /* BridgeManager.swift */ = {isa = PBXFileReference; fileEncoding = 4; lastKnownFileType = sourcecode.swift; path = BridgeManager.swift; sourceTree = "<group>"; };
		103FE55119E4C38800926F8A /* Lights.swift */ = {isa = PBXFileReference; fileEncoding = 4; lastKnownFileType = sourcecode.swift; path = Lights.swift; sourceTree = "<group>"; };
		10F3BDE019E8E0E300C37BE1 /* TableViewController.swift */ = {isa = PBXFileReference; fileEncoding = 4; lastKnownFileType = sourcecode.swift; path = TableViewController.swift; sourceTree = "<group>"; };
		10F3BDE219E977F300C37BE1 /* LightViewController.swift */ = {isa = PBXFileReference; fileEncoding = 4; lastKnownFileType = sourcecode.swift; path = LightViewController.swift; sourceTree = "<group>"; };
		10F3BDE419E978AF00C37BE1 /* LauraHueApp-Bridging-Header.h */ = {isa = PBXFileReference; lastKnownFileType = sourcecode.c.h; path = "LauraHueApp-Bridging-Header.h"; sourceTree = "<group>"; };
		10F3BDE519E978AF00C37BE1 /* hello.c */ = {isa = PBXFileReference; fileEncoding = 4; lastKnownFileType = sourcecode.c.c; path = hello.c; sourceTree = "<group>"; };
		10F3BDE619E978AF00C37BE1 /* hello.h */ = {isa = PBXFileReference; fileEncoding = 4; lastKnownFileType = sourcecode.c.h; path = hello.h; sourceTree = "<group>"; };
/* End PBXFileReference section */

/* Begin PBXFrameworksBuildPhase section */
		103FE52419E4B0F900926F8A /* Frameworks */ = {
			isa = PBXFrameworksBuildPhase;
			buildActionMask = 2147483647;
			files = (
			);
			runOnlyForDeploymentPostprocessing = 0;
		};
		103FE53C19E4B0F900926F8A /* Frameworks */ = {
			isa = PBXFrameworksBuildPhase;
			buildActionMask = 2147483647;
			files = (
			);
			runOnlyForDeploymentPostprocessing = 0;
		};
/* End PBXFrameworksBuildPhase section */

/* Begin PBXGroup section */
		1008DCE319EE0B59009028A2 /* LightTableControl */ = {
			isa = PBXGroup;
			children = (
				1008DCDD19EDFFD3009028A2 /* LightTableViewController.swift */,
				1008DCE119EE0349009028A2 /* LightControlTableViewCell.swift */,
				1008DCE419EE0B79009028A2 /* LightOnOffTableViewCell.swift */,
			);
			name = LightTableControl;
			sourceTree = "<group>";
		};
		103FE51E19E4B0F900926F8A = {
			isa = PBXGroup;
			children = (
				103FE52919E4B0F900926F8A /* LauraHueApp */,
				103FE54219E4B0F900926F8A /* LauraHueAppTests */,
				103FE52819E4B0F900926F8A /* Products */,
			);
			sourceTree = "<group>";
		};
		103FE52819E4B0F900926F8A /* Products */ = {
			isa = PBXGroup;
			children = (
				103FE52719E4B0F900926F8A /* LauraHueApp.app */,
				103FE53F19E4B0F900926F8A /* LauraHueAppTests.xctest */,
			);
			name = Products;
			sourceTree = "<group>";
		};
		103FE52919E4B0F900926F8A /* LauraHueApp */ = {
			isa = PBXGroup;
			children = (
				1008DCE319EE0B59009028A2 /* LightTableControl */,
				103FE52C19E4B0F900926F8A /* AppDelegate.swift */,
				103FE53119E4B0F900926F8A /* ViewController.swift */,
				103FE54F19E4B1A900926F8A /* BridgeManager.swift */,
				103FE55119E4C38800926F8A /* Lights.swift */,
				103FE53319E4B0F900926F8A /* Main.storyboard */,
				103FE53619E4B0F900926F8A /* Images.xcassets */,
				103FE53819E4B0F900926F8A /* LaunchScreen.xib */,
				103FE52E19E4B0F900926F8A /* LauraHueApp.xcdatamodeld */,
				1008DCE619EF5589009028A2 /* LightPreset.swift */,
				103FE52A19E4B0F900926F8A /* Supporting Files */,
				10F3BDE019E8E0E300C37BE1 /* TableViewController.swift */,
				10F3BDE219E977F300C37BE1 /* LightViewController.swift */,
				10F3BDE519E978AF00C37BE1 /* hello.c */,
				10F3BDE619E978AF00C37BE1 /* hello.h */,
				10F3BDE419E978AF00C37BE1 /* LauraHueApp-Bridging-Header.h */,
				1008DCE819EF564C009028A2 /* CDMgr.swift */,
			);
			path = LauraHueApp;
			sourceTree = "<group>";
		};
		103FE52A19E4B0F900926F8A /* Supporting Files */ = {
			isa = PBXGroup;
			children = (
				103FE52B19E4B0F900926F8A /* Info.plist */,
			);
			name = "Supporting Files";
			sourceTree = "<group>";
		};
		103FE54219E4B0F900926F8A /* LauraHueAppTests */ = {
			isa = PBXGroup;
			children = (
				103FE54519E4B0F900926F8A /* LauraHueAppTests.swift */,
				103FE54319E4B0F900926F8A /* Supporting Files */,
			);
			path = LauraHueAppTests;
			sourceTree = "<group>";
		};
		103FE54319E4B0F900926F8A /* Supporting Files */ = {
			isa = PBXGroup;
			children = (
				103FE54419E4B0F900926F8A /* Info.plist */,
			);
			name = "Supporting Files";
			sourceTree = "<group>";
		};
/* End PBXGroup section */

/* Begin PBXNativeTarget section */
		103FE52619E4B0F900926F8A /* LauraHueApp */ = {
			isa = PBXNativeTarget;
			buildConfigurationList = 103FE54919E4B0F900926F8A /* Build configuration list for PBXNativeTarget "LauraHueApp" */;
			buildPhases = (
				103FE52319E4B0F900926F8A /* Sources */,
				103FE52419E4B0F900926F8A /* Frameworks */,
				103FE52519E4B0F900926F8A /* Resources */,
			);
			buildRules = (
			);
			dependencies = (
			);
			name = LauraHueApp;
			productName = LauraHueApp;
			productReference = 103FE52719E4B0F900926F8A /* LauraHueApp.app */;
			productType = "com.apple.product-type.application";
		};
		103FE53E19E4B0F900926F8A /* LauraHueAppTests */ = {
			isa = PBXNativeTarget;
			buildConfigurationList = 103FE54C19E4B0F900926F8A /* Build configuration list for PBXNativeTarget "LauraHueAppTests" */;
			buildPhases = (
				103FE53B19E4B0F900926F8A /* Sources */,
				103FE53C19E4B0F900926F8A /* Frameworks */,
				103FE53D19E4B0F900926F8A /* Resources */,
			);
			buildRules = (
			);
			dependencies = (
				103FE54119E4B0F900926F8A /* PBXTargetDependency */,
			);
			name = LauraHueAppTests;
			productName = LauraHueAppTests;
			productReference = 103FE53F19E4B0F900926F8A /* LauraHueAppTests.xctest */;
			productType = "com.apple.product-type.bundle.unit-test";
		};
/* End PBXNativeTarget section */

/* Begin PBXProject section */
		103FE51F19E4B0F900926F8A /* Project object */ = {
			isa = PBXProject;
			attributes = {
				LastUpgradeCheck = 0600;
				ORGANIZATIONNAME = "Laura Phelps";
				TargetAttributes = {
					103FE52619E4B0F900926F8A = {
						CreatedOnToolsVersion = 6.0;
						DevelopmentTeam = M2RR26GX86;
					};
					103FE53E19E4B0F900926F8A = {
						CreatedOnToolsVersion = 6.0;
						TestTargetID = 103FE52619E4B0F900926F8A;
					};
				};
			};
			buildConfigurationList = 103FE52219E4B0F900926F8A /* Build configuration list for PBXProject "LauraHueApp" */;
			compatibilityVersion = "Xcode 3.2";
			developmentRegion = English;
			hasScannedForEncodings = 0;
			knownRegions = (
				en,
				Base,
			);
			mainGroup = 103FE51E19E4B0F900926F8A;
			productRefGroup = 103FE52819E4B0F900926F8A /* Products */;
			projectDirPath = "";
			projectRoot = "";
			targets = (
				103FE52619E4B0F900926F8A /* LauraHueApp */,
				103FE53E19E4B0F900926F8A /* LauraHueAppTests */,
			);
		};
/* End PBXProject section */

/* Begin PBXResourcesBuildPhase section */
		103FE52519E4B0F900926F8A /* Resources */ = {
			isa = PBXResourcesBuildPhase;
			buildActionMask = 2147483647;
			files = (
				103FE53519E4B0F900926F8A /* Main.storyboard in Resources */,
				103FE53A19E4B0F900926F8A /* LaunchScreen.xib in Resources */,
				103FE53719E4B0F900926F8A /* Images.xcassets in Resources */,
			);
			runOnlyForDeploymentPostprocessing = 0;
		};
		103FE53D19E4B0F900926F8A /* Resources */ = {
			isa = PBXResourcesBuildPhase;
			buildActionMask = 2147483647;
			files = (
			);
			runOnlyForDeploymentPostprocessing = 0;
		};
/* End PBXResourcesBuildPhase section */

/* Begin PBXSourcesBuildPhase section */
		103FE52319E4B0F900926F8A /* Sources */ = {
			isa = PBXSourcesBuildPhase;
			buildActionMask = 2147483647;
			files = (
				103FE53219E4B0F900926F8A /* ViewController.swift in Sources */,
				10F3BDE119E8E0E300C37BE1 /* TableViewController.swift in Sources */,
				1008DCE519EE0B79009028A2 /* LightOnOffTableViewCell.swift in Sources */,
				1008DCE919EF564C009028A2 /* CDMgr.swift in Sources */,
				1008DCE719EF5589009028A2 /* LightPreset.swift in Sources */,
				103FE53019E4B0F900926F8A /* LauraHueApp.xcdatamodeld in Sources */,
				103FE55219E4C38800926F8A /* Lights.swift in Sources */,
				10F3BDE719E978AF00C37BE1 /* hello.c in Sources */,
				103FE55019E4B1A900926F8A /* BridgeManager.swift in Sources */,
				1008DCDE19EDFFD3009028A2 /* LightTableViewController.swift in Sources */,
				103FE52D19E4B0F900926F8A /* AppDelegate.swift in Sources */,
				1008DCE219EE0349009028A2 /* LightControlTableViewCell.swift in Sources */,
				10F3BDE319E977F300C37BE1 /* LightViewController.swift in Sources */,
			);
			runOnlyForDeploymentPostprocessing = 0;
		};
		103FE53B19E4B0F900926F8A /* Sources */ = {
			isa = PBXSourcesBuildPhase;
			buildActionMask = 2147483647;
			files = (
				103FE54619E4B0F900926F8A /* LauraHueAppTests.swift in Sources */,
			);
			runOnlyForDeploymentPostprocessing = 0;
		};
/* End PBXSourcesBuildPhase section */

/* Begin PBXTargetDependency section */
		103FE54119E4B0F900926F8A /* PBXTargetDependency */ = {
			isa = PBXTargetDependency;
			target = 103FE52619E4B0F900926F8A /* LauraHueApp */;
			targetProxy = 103FE54019E4B0F900926F8A /* PBXContainerItemProxy */;
		};
/* End PBXTargetDependency section */

/* Begin PBXVariantGroup section */
		103FE53319E4B0F900926F8A /* Main.storyboard */ = {
			isa = PBXVariantGroup;
			children = (
				103FE53419E4B0F900926F8A /* Base */,
			);
			name = Main.storyboard;
			sourceTree = "<group>";
		};
		103FE53819E4B0F900926F8A /* LaunchScreen.xib */ = {
			isa = PBXVariantGroup;
			children = (
				103FE53919E4B0F900926F8A /* Base */,
			);
			name = LaunchScreen.xib;
			sourceTree = "<group>";
		};
/* End PBXVariantGroup section */

/* Begin XCBuildConfiguration section */
		103FE54719E4B0F900926F8A /* Debug */ = {
			isa = XCBuildConfiguration;
			buildSettings = {
				ALWAYS_SEARCH_USER_PATHS = NO;
				CLANG_CXX_LANGUAGE_STANDARD = "gnu++0x";
				CLANG_CXX_LIBRARY = "libc++";
				CLANG_ENABLE_MODULES = YES;
				CLANG_ENABLE_OBJC_ARC = YES;
				CLANG_WARN_BOOL_CONVERSION = YES;
				CLANG_WARN_CONSTANT_CONVERSION = YES;
				CLANG_WARN_DIRECT_OBJC_ISA_USAGE = YES_ERROR;
				CLANG_WARN_EMPTY_BODY = YES;
				CLANG_WARN_ENUM_CONVERSION = YES;
				CLANG_WARN_INT_CONVERSION = YES;
				CLANG_WARN_OBJC_ROOT_CLASS = YES_ERROR;
				CLANG_WARN_UNREACHABLE_CODE = YES;
				CLANG_WARN__DUPLICATE_METHOD_MATCH = YES;
				"CODE_SIGN_IDENTITY[sdk=iphoneos*]" = "iPhone Developer";
				COPY_PHASE_STRIP = NO;
				ENABLE_STRICT_OBJC_MSGSEND = YES;
				GCC_C_LANGUAGE_STANDARD = gnu99;
				GCC_DYNAMIC_NO_PIC = NO;
				GCC_OPTIMIZATION_LEVEL = 0;
				GCC_PREPROCESSOR_DEFINITIONS = (
					"DEBUG=1",
					"$(inherited)",
				);
				GCC_SYMBOLS_PRIVATE_EXTERN = NO;
				GCC_WARN_64_TO_32_BIT_CONVERSION = YES;
				GCC_WARN_ABOUT_RETURN_TYPE = YES_ERROR;
				GCC_WARN_UNDECLARED_SELECTOR = YES;
				GCC_WARN_UNINITIALIZED_AUTOS = YES_AGGRESSIVE;
				GCC_WARN_UNUSED_FUNCTION = YES;
				GCC_WARN_UNUSED_VARIABLE = YES;
				IPHONEOS_DEPLOYMENT_TARGET = 8.0;
				MTL_ENABLE_DEBUG_INFO = YES;
				ONLY_ACTIVE_ARCH = YES;
				SDKROOT = iphoneos;
				SWIFT_OPTIMIZATION_LEVEL = "-Onone";
			};
			name = Debug;
		};
		103FE54819E4B0F900926F8A /* Release */ = {
			isa = XCBuildConfiguration;
			buildSettings = {
				ALWAYS_SEARCH_USER_PATHS = NO;
				CLANG_CXX_LANGUAGE_STANDARD = "gnu++0x";
				CLANG_CXX_LIBRARY = "libc++";
				CLANG_ENABLE_MODULES = YES;
				CLANG_ENABLE_OBJC_ARC = YES;
				CLANG_WARN_BOOL_CONVERSION = YES;
				CLANG_WARN_CONSTANT_CONVERSION = YES;
				CLANG_WARN_DIRECT_OBJC_ISA_USAGE = YES_ERROR;
				CLANG_WARN_EMPTY_BODY = YES;
				CLANG_WARN_ENUM_CONVERSION = YES;
				CLANG_WARN_INT_CONVERSION = YES;
				CLANG_WARN_OBJC_ROOT_CLASS = YES_ERROR;
				CLANG_WARN_UNREACHABLE_CODE = YES;
				CLANG_WARN__DUPLICATE_METHOD_MATCH = YES;
				"CODE_SIGN_IDENTITY[sdk=iphoneos*]" = "iPhone Developer";
				COPY_PHASE_STRIP = YES;
				ENABLE_NS_ASSERTIONS = NO;
				ENABLE_STRICT_OBJC_MSGSEND = YES;
				GCC_C_LANGUAGE_STANDARD = gnu99;
				GCC_WARN_64_TO_32_BIT_CONVERSION = YES;
				GCC_WARN_ABOUT_RETURN_TYPE = YES_ERROR;
				GCC_WARN_UNDECLARED_SELECTOR = YES;
				GCC_WARN_UNINITIALIZED_AUTOS = YES_AGGRESSIVE;
				GCC_WARN_UNUSED_FUNCTION = YES;
				GCC_WARN_UNUSED_VARIABLE = YES;
				IPHONEOS_DEPLOYMENT_TARGET = 8.0;
				MTL_ENABLE_DEBUG_INFO = NO;
				SDKROOT = iphoneos;
				VALIDATE_PRODUCT = YES;
			};
			name = Release;
		};
		103FE54A19E4B0F900926F8A /* Debug */ = {
			isa = XCBuildConfiguration;
			buildSettings = {
				ASSETCATALOG_COMPILER_APPICON_NAME = AppIcon;
				CLANG_ENABLE_MODULES = YES;
				INFOPLIST_FILE = LauraHueApp/Info.plist;
				LD_RUNPATH_SEARCH_PATHS = "$(inherited) @executable_path/Frameworks";
				PRODUCT_NAME = "$(TARGET_NAME)";
				SWIFT_OBJC_BRIDGING_HEADER = "LauraHueApp/LauraHueApp-Bridging-Header.h";
				SWIFT_OPTIMIZATION_LEVEL = "-Onone";
			};
			name = Debug;
		};
		103FE54B19E4B0F900926F8A /* Release */ = {
			isa = XCBuildConfiguration;
			buildSettings = {
				ASSETCATALOG_COMPILER_APPICON_NAME = AppIcon;
				CLANG_ENABLE_MODULES = YES;
				INFOPLIST_FILE = LauraHueApp/Info.plist;
				LD_RUNPATH_SEARCH_PATHS = "$(inherited) @executable_path/Frameworks";
				PRODUCT_NAME = "$(TARGET_NAME)";
				SWIFT_OBJC_BRIDGING_HEADER = "LauraHueApp/LauraHueApp-Bridging-Header.h";
			};
			name = Release;
		};
		103FE54D19E4B0F900926F8A /* Debug */ = {
			isa = XCBuildConfiguration;
			buildSettings = {
				BUNDLE_LOADER = "$(TEST_HOST)";
				FRAMEWORK_SEARCH_PATHS = (
					"$(SDKROOT)/Developer/Library/Frameworks",
					"$(inherited)",
				);
				GCC_PREPROCESSOR_DEFINITIONS = (
					"DEBUG=1",
					"$(inherited)",
				);
				INFOPLIST_FILE = LauraHueAppTests/Info.plist;
				LD_RUNPATH_SEARCH_PATHS = "$(inherited) @executable_path/Frameworks @loader_path/Frameworks";
				PRODUCT_NAME = "$(TARGET_NAME)";
				TEST_HOST = "$(BUILT_PRODUCTS_DIR)/LauraHueApp.app/LauraHueApp";
			};
			name = Debug;
		};
		103FE54E19E4B0F900926F8A /* Release */ = {
			isa = XCBuildConfiguration;
			buildSettings = {
				BUNDLE_LOADER = "$(TEST_HOST)";
				FRAMEWORK_SEARCH_PATHS = (
					"$(SDKROOT)/Developer/Library/Frameworks",
					"$(inherited)",
				);
				INFOPLIST_FILE = LauraHueAppTests/Info.plist;
				LD_RUNPATH_SEARCH_PATHS = "$(inherited) @executable_path/Frameworks @loader_path/Frameworks";
				PRODUCT_NAME = "$(TARGET_NAME)";
				TEST_HOST = "$(BUILT_PRODUCTS_DIR)/LauraHueApp.app/LauraHueApp";
			};
			name = Release;
		};
/* End XCBuildConfiguration section */

/* Begin XCConfigurationList section */
		103FE52219E4B0F900926F8A /* Build configuration list for PBXProject "LauraHueApp" */ = {
			isa = XCConfigurationList;
			buildConfigurations = (
				103FE54719E4B0F900926F8A /* Debug */,
				103FE54819E4B0F900926F8A /* Release */,
			);
			defaultConfigurationIsVisible = 0;
			defaultConfigurationName = Release;
		};
		103FE54919E4B0F900926F8A /* Build configuration list for PBXNativeTarget "LauraHueApp" */ = {
			isa = XCConfigurationList;
			buildConfigurations = (
				103FE54A19E4B0F900926F8A /* Debug */,
				103FE54B19E4B0F900926F8A /* Release */,
			);
			defaultConfigurationIsVisible = 0;
			defaultConfigurationName = Release;
		};
		103FE54C19E4B0F900926F8A /* Build configuration list for PBXNativeTarget "LauraHueAppTests" */ = {
			isa = XCConfigurationList;
			buildConfigurations = (
				103FE54D19E4B0F900926F8A /* Debug */,
				103FE54E19E4B0F900926F8A /* Release */,
			);
			defaultConfigurationIsVisible = 0;
			defaultConfigurationName = Release;
		};
/* End XCConfigurationList section */

/* Begin XCVersionGroup section */
		103FE52E19E4B0F900926F8A /* LauraHueApp.xcdatamodeld */ = {
			isa = XCVersionGroup;
			children = (
				103FE52F19E4B0F900926F8A /* LauraHueApp.xcdatamodel */,
			);
			currentVersion = 103FE52F19E4B0F900926F8A /* LauraHueApp.xcdatamodel */;
			path = LauraHueApp.xcdatamodeld;
			sourceTree = "<group>";
			versionGroupType = wrapper.xcdatamodel;
		};
/* End XCVersionGroup section */
	};
	rootObject = 103FE51F19E4B0F900926F8A /* Project object */;
}
